
Microsoft Visual Studio Solution File, Format Version 12.00
# Visual Studio Version 17
VisualStudioVersion = 17.0.31912.275
MinimumVisualStudioVersion = 10.0.40219.1
Project("{FAE04EC0-301F-11D3-BF4B-00C04F79EFBC}") = "ExampleWinformsApplication", "ExampleWinformsApplication\ExampleWinformsApplication.csproj", "{99C9FC73-3864-448D-898C-3F0AE59C4914}"
EndProject
Project("{FAE04EC0-301F-11D3-BF4B-00C04F79EFBC}") = "AutomationFramework", "AutomationFramework\AutomationFramework.csproj", "{9CDB8A8E-3CA9-4F6F-8320-E40AC7D44817}"
EndProject
Project("{FAE04EC0-301F-11D3-BF4B-00C04F79EFBC}") = "ExamplesTests", "ExampleTests\ExamplesTests.csproj", "{E157B1C7-A219-405D-AD90-AED22ACFAAF4}"
EndProject
Project("{8BC9CEB8-8B4A-11D0-8D11-00A0C91BC942}") = "AutomationFramework.CustomPattern", "AutomationFramework.CustomPattern\AutomationFramework.CustomPattern.vcxproj", "{A4834DE6-309A-4CC2-9162-1452BC7D1825}"
EndProject
Project("{2150E333-8FDC-42A3-9474-1A3956D46DE8}") = "Solution Items", "Solution Items", "{545901A9-06E1-4893-9561-B5C99D37B106}"
	ProjectSection(SolutionItems) = preProject
		bin\database.txt = bin\database.txt
	EndProjectSection
EndProject
Global
	GlobalSection(SolutionConfigurationPlatforms) = preSolution
		Debug|x64 = Debug|x64
		Release|x64 = Release|x64
	EndGlobalSection
	GlobalSection(ProjectConfigurationPlatforms) = postSolution
		{99C9FC73-3864-448D-898C-3F0AE59C4914}.Debug|x64.ActiveCfg = Debug|x64
		{99C9FC73-3864-448D-898C-3F0AE59C4914}.Debug|x64.Build.0 = Debug|x64
		{99C9FC73-3864-448D-898C-3F0AE59C4914}.Release|x64.ActiveCfg = Debug|x64
		{99C9FC73-3864-448D-898C-3F0AE59C4914}.Release|x64.Build.0 = Debug|x64
		{9CDB8A8E-3CA9-4F6F-8320-E40AC7D44817}.Debug|x64.ActiveCfg = Debug|x64
		{9CDB8A8E-3CA9-4F6F-8320-E40AC7D44817}.Debug|x64.Build.0 = Debug|x64
		{9CDB8A8E-3CA9-4F6F-8320-E40AC7D44817}.Release|x64.ActiveCfg = Debug|x64
		{9CDB8A8E-3CA9-4F6F-8320-E40AC7D44817}.Release|x64.Build.0 = Debug|x64
		{E157B1C7-A219-405D-AD90-AED22ACFAAF4}.Debug|x64.ActiveCfg = Debug|x64
		{E157B1C7-A219-405D-AD90-AED22ACFAAF4}.Debug|x64.Build.0 = Debug|x64
		{E157B1C7-A219-405D-AD90-AED22ACFAAF4}.Release|x64.ActiveCfg = Debug|x64
		{E157B1C7-A219-405D-AD90-AED22ACFAAF4}.Release|x64.Build.0 = Debug|x64
		{A4834DE6-309A-4CC2-9162-1452BC7D1825}.Debug|x64.ActiveCfg = Debug|x64
		{A4834DE6-309A-4CC2-9162-1452BC7D1825}.Debug|x64.Build.0 = Debug|x64
		{A4834DE6-309A-4CC2-9162-1452BC7D1825}.Release|x64.ActiveCfg = Debug|x64
		{A4834DE6-309A-4CC2-9162-1452BC7D1825}.Release|x64.Build.0 = Debug|x64
	EndGlobalSection
	GlobalSection(SolutionProperties) = preSolution
		HideSolutionNode = FALSE
	EndGlobalSection
	GlobalSection(ExtensibilityGlobals) = postSolution
		SolutionGuid = {EF129419-5896-4F93-9189-F1D978674A27}
	EndGlobalSection
EndGlobal
